
Microsoft Visual Studio Solution File, Format Version 12.00
# Visual Studio Version 17
VisualStudioVersion = 17.10.35027.167
MinimumVisualStudioVersion = 10.0.40219.1
Project("{FAE04EC0-301F-11D3-BF4B-00C04F79EFBC}") = "KernelService", "DCU_Service\KernelService.csproj", "{06A10D57-2C08-4DB5-898C-0145C3CDDEE4}"
EndProject
Project("{FAE04EC0-301F-11D3-BF4B-00C04F79EFBC}") = "TaskKernel", "TaskKernel\TaskKernel.csproj", "{6E4E7F84-25C7-4311-B7E0-6891FE27E891}"
EndProject
Project("{FAE04EC0-301F-11D3-BF4B-00C04F79EFBC}") = "TaskMain", "TaskMain\TaskMain.csproj", "{CA18E8BB-8A7D-41BB-96C4-70A98B4B5175}"
EndProject
Project("{FAE04EC0-301F-11D3-BF4B-00C04F79EFBC}") = "DMD_DB", "DMD_DB\DMD_DB.csproj", "{26B445F9-2971-44B6-953A-8B9BF8205408}"
EndProject
Project("{FAE04EC0-301F-11D3-BF4B-00C04F79EFBC}") = "DMD_Frame", "DMD_Frame\DMD_Frame.csproj", "{A169F312-D665-4361-9A74-EDD9D2E807F8}"
EndProject
Project("{FAE04EC0-301F-11D3-BF4B-00C04F79EFBC}") = "TaskSDU", "TaskSDU\TaskSDU.csproj", "{34D6F4AB-DD12-47B4-8553-29B455421CB5}"
EndProject
Project("{FAE04EC0-301F-11D3-BF4B-00C04F79EFBC}") = "TaskPA", "TaskPA\TaskPA.csproj", "{C014874F-8B4F-45C5-BA77-2BD01EEC9B7A}"
EndProject
Project("{FAE04EC0-301F-11D3-BF4B-00C04F79EFBC}") = "PA_Frame", "PA_Frame\PA_Frame.csproj", "{A55F3208-0803-474D-B13D-C93ABC96854E}"
EndProject
Project("{FAE04EC0-301F-11D3-BF4B-00C04F79EFBC}") = "DCU_DB", "DCU_DB\DCU_DB.csproj", "{A6951F86-D11C-427E-B294-F3D4D34DFFB3}"
EndProject
Project("{FAE04EC0-301F-11D3-BF4B-00C04F79EFBC}") = "DCU_Frame", "DCU_Frame\DCU_Frame.csproj", "{0F2E5E11-5E76-4B5A-9A00-5D82DD33918B}"
EndProject
Project("{FAE04EC0-301F-11D3-BF4B-00C04F79EFBC}") = "Display", "Display\Display.csproj", "{FD5A072F-115D-4896-91D3-996ED55CDAE3}"
EndProject
Project("{FAE04EC0-301F-11D3-BF4B-00C04F79EFBC}") = "TaskDMD", "TaskDMD\TaskDMD.csproj", "{581E1D57-AF81-4BD1-8F9F-A194D97644F4}"
EndProject
Project("{FAE04EC0-301F-11D3-BF4B-00C04F79EFBC}") = "ASILib", "ASILib\ASILib.csproj", "{5B6FC193-A36D-409E-8E9B-2C45FE574189}"
EndProject
Project("{2150E333-8FDC-42A3-9474-1A3956D46DE8}") = "PA", "PA", "{3A359BF4-73DE-4745-8A0A-4BD51E2331F7}"
EndProject
Project("{2150E333-8FDC-42A3-9474-1A3956D46DE8}") = "DMD", "DMD", "{11846938-B4D6-4145-BE29-6AD87F346761}"
EndProject
Project("{2150E333-8FDC-42A3-9474-1A3956D46DE8}") = "DCU", "DCU", "{7049CADD-8E08-435E-9BBF-BAED56CAF3D2}"
EndProject
Project("{2150E333-8FDC-42A3-9474-1A3956D46DE8}") = "Kernel", "Kernel", "{77728C19-891D-42C0-991A-BA21B4EFFDB5}"
EndProject
Project("{2150E333-8FDC-42A3-9474-1A3956D46DE8}") = "UITest", "UITest", "{8CC7643F-C4A1-42FD-84F8-77B809952B93}"
EndProject
Project("{FAE04EC0-301F-11D3-BF4B-00C04F79EFBC}") = "UITest", "UITest\UITest.csproj", "{E99A6D9C-A6F7-4F79-B6BE-766B6DA30E7C}"
EndProject
Project("{FAE04EC0-301F-11D3-BF4B-00C04F79EFBC}") = "TaskCDU", "TaskCDU\TaskCDU.csproj", "{47119529-9882-49DD-BFCF-A11EE5B5494B}"
EndProject
Project("{FAE04EC0-301F-11D3-BF4B-00C04F79EFBC}") = "TaskPDN", "TaskPDN\TaskPDN.csproj", "{F3507095-8AF4-4388-A9DF-DF1AE41BC0EB}"
EndProject
Project("{FAE04EC0-301F-11D3-BF4B-00C04F79EFBC}") = "TaskPUP", "TaskPUP\TaskPUP.csproj", "{F2D4FFB9-1335-419B-A514-259B23A3FEA2}"
EndProject
Global
	GlobalSection(SolutionConfigurationPlatforms) = preSolution
		Debug|Any CPU = Debug|Any CPU
		Release|Any CPU = Release|Any CPU
	EndGlobalSection
	GlobalSection(ProjectConfigurationPlatforms) = postSolution
		{06A10D57-2C08-4DB5-898C-0145C3CDDEE4}.Debug|Any CPU.ActiveCfg = Debug|Any CPU
		{06A10D57-2C08-4DB5-898C-0145C3CDDEE4}.Debug|Any CPU.Build.0 = Debug|Any CPU
		{06A10D57-2C08-4DB5-898C-0145C3CDDEE4}.Release|Any CPU.ActiveCfg = Release|Any CPU
		{06A10D57-2C08-4DB5-898C-0145C3CDDEE4}.Release|Any CPU.Build.0 = Release|Any CPU
		{6E4E7F84-25C7-4311-B7E0-6891FE27E891}.Debug|Any CPU.ActiveCfg = Debug|Any CPU
		{6E4E7F84-25C7-4311-B7E0-6891FE27E891}.Debug|Any CPU.Build.0 = Debug|Any CPU
		{6E4E7F84-25C7-4311-B7E0-6891FE27E891}.Release|Any CPU.ActiveCfg = Release|Any CPU
		{6E4E7F84-25C7-4311-B7E0-6891FE27E891}.Release|Any CPU.Build.0 = Release|Any CPU
		{CA18E8BB-8A7D-41BB-96C4-70A98B4B5175}.Debug|Any CPU.ActiveCfg = Debug|Any CPU
		{CA18E8BB-8A7D-41BB-96C4-70A98B4B5175}.Debug|Any CPU.Build.0 = Debug|Any CPU
		{CA18E8BB-8A7D-41BB-96C4-70A98B4B5175}.Release|Any CPU.ActiveCfg = Release|Any CPU
		{CA18E8BB-8A7D-41BB-96C4-70A98B4B5175}.Release|Any CPU.Build.0 = Release|Any CPU
		{26B445F9-2971-44B6-953A-8B9BF8205408}.Debug|Any CPU.ActiveCfg = Debug|Any CPU
		{26B445F9-2971-44B6-953A-8B9BF8205408}.Debug|Any CPU.Build.0 = Debug|Any CPU
		{26B445F9-2971-44B6-953A-8B9BF8205408}.Release|Any CPU.ActiveCfg = Release|Any CPU
		{26B445F9-2971-44B6-953A-8B9BF8205408}.Release|Any CPU.Build.0 = Release|Any CPU
		{A169F312-D665-4361-9A74-EDD9D2E807F8}.Debug|Any CPU.ActiveCfg = Debug|Any CPU
		{A169F312-D665-4361-9A74-EDD9D2E807F8}.Debug|Any CPU.Build.0 = Debug|Any CPU
		{A169F312-D665-4361-9A74-EDD9D2E807F8}.Release|Any CPU.ActiveCfg = Release|Any CPU
		{A169F312-D665-4361-9A74-EDD9D2E807F8}.Release|Any CPU.Build.0 = Release|Any CPU
		{34D6F4AB-DD12-47B4-8553-29B455421CB5}.Debug|Any CPU.ActiveCfg = Debug|Any CPU
		{34D6F4AB-DD12-47B4-8553-29B455421CB5}.Debug|Any CPU.Build.0 = Debug|Any CPU
		{34D6F4AB-DD12-47B4-8553-29B455421CB5}.Release|Any CPU.ActiveCfg = Release|Any CPU
		{34D6F4AB-DD12-47B4-8553-29B455421CB5}.Release|Any CPU.Build.0 = Release|Any CPU
		{C014874F-8B4F-45C5-BA77-2BD01EEC9B7A}.Debug|Any CPU.ActiveCfg = Debug|Any CPU
		{C014874F-8B4F-45C5-BA77-2BD01EEC9B7A}.Debug|Any CPU.Build.0 = Debug|Any CPU
		{C014874F-8B4F-45C5-BA77-2BD01EEC9B7A}.Release|Any CPU.ActiveCfg = Release|Any CPU
		{C014874F-8B4F-45C5-BA77-2BD01EEC9B7A}.Release|Any CPU.Build.0 = Release|Any CPU
		{A55F3208-0803-474D-B13D-C93ABC96854E}.Debug|Any CPU.ActiveCfg = Debug|Any CPU
		{A55F3208-0803-474D-B13D-C93ABC96854E}.Debug|Any CPU.Build.0 = Debug|Any CPU
		{A55F3208-0803-474D-B13D-C93ABC96854E}.Release|Any CPU.ActiveCfg = Release|Any CPU
		{A55F3208-0803-474D-B13D-C93ABC96854E}.Release|Any CPU.Build.0 = Release|Any CPU
		{A6951F86-D11C-427E-B294-F3D4D34DFFB3}.Debug|Any CPU.ActiveCfg = Debug|Any CPU
		{A6951F86-D11C-427E-B294-F3D4D34DFFB3}.Debug|Any CPU.Build.0 = Debug|Any CPU
		{A6951F86-D11C-427E-B294-F3D4D34DFFB3}.Release|Any CPU.ActiveCfg = Release|Any CPU
		{A6951F86-D11C-427E-B294-F3D4D34DFFB3}.Release|Any CPU.Build.0 = Release|Any CPU
		{0F2E5E11-5E76-4B5A-9A00-5D82DD33918B}.Debug|Any CPU.ActiveCfg = Debug|Any CPU
		{0F2E5E11-5E76-4B5A-9A00-5D82DD33918B}.Debug|Any CPU.Build.0 = Debug|Any CPU
		{0F2E5E11-5E76-4B5A-9A00-5D82DD33918B}.Release|Any CPU.ActiveCfg = Release|Any CPU
		{0F2E5E11-5E76-4B5A-9A00-5D82DD33918B}.Release|Any CPU.Build.0 = Release|Any CPU
		{FD5A072F-115D-4896-91D3-996ED55CDAE3}.Debug|Any CPU.ActiveCfg = Debug|Any CPU
		{FD5A072F-115D-4896-91D3-996ED55CDAE3}.Debug|Any CPU.Build.0 = Debug|Any CPU
		{FD5A072F-115D-4896-91D3-996ED55CDAE3}.Release|Any CPU.ActiveCfg = Release|Any CPU
		{FD5A072F-115D-4896-91D3-996ED55CDAE3}.Release|Any CPU.Build.0 = Release|Any CPU
		{581E1D57-AF81-4BD1-8F9F-A194D97644F4}.Debug|Any CPU.ActiveCfg = Debug|Any CPU
		{581E1D57-AF81-4BD1-8F9F-A194D97644F4}.Debug|Any CPU.Build.0 = Debug|Any CPU
		{581E1D57-AF81-4BD1-8F9F-A194D97644F4}.Release|Any CPU.ActiveCfg = Release|Any CPU
		{581E1D57-AF81-4BD1-8F9F-A194D97644F4}.Release|Any CPU.Build.0 = Release|Any CPU
		{5B6FC193-A36D-409E-8E9B-2C45FE574189}.Debug|Any CPU.ActiveCfg = Debug|Any CPU
		{5B6FC193-A36D-409E-8E9B-2C45FE574189}.Debug|Any CPU.Build.0 = Debug|Any CPU
		{5B6FC193-A36D-409E-8E9B-2C45FE574189}.Release|Any CPU.ActiveCfg = Release|Any CPU
		{5B6FC193-A36D-409E-8E9B-2C45FE574189}.Release|Any CPU.Build.0 = Release|Any CPU
		{E99A6D9C-A6F7-4F79-B6BE-766B6DA30E7C}.Debug|Any CPU.ActiveCfg = Debug|Any CPU
		{E99A6D9C-A6F7-4F79-B6BE-766B6DA30E7C}.Debug|Any CPU.Build.0 = Debug|Any CPU
		{E99A6D9C-A6F7-4F79-B6BE-766B6DA30E7C}.Release|Any CPU.ActiveCfg = Release|Any CPU
		{E99A6D9C-A6F7-4F79-B6BE-766B6DA30E7C}.Release|Any CPU.Build.0 = Release|Any CPU
		{47119529-9882-49DD-BFCF-A11EE5B5494B}.Debug|Any CPU.ActiveCfg = Debug|Any CPU
		{47119529-9882-49DD-BFCF-A11EE5B5494B}.Debug|Any CPU.Build.0 = Debug|Any CPU
		{47119529-9882-49DD-BFCF-A11EE5B5494B}.Release|Any CPU.ActiveCfg = Release|Any CPU
		{47119529-9882-49DD-BFCF-A11EE5B5494B}.Release|Any CPU.Build.0 = Release|Any CPU
		{F3507095-8AF4-4388-A9DF-DF1AE41BC0EB}.Debug|Any CPU.ActiveCfg = Debug|Any CPU
		{F3507095-8AF4-4388-A9DF-DF1AE41BC0EB}.Debug|Any CPU.Build.0 = Debug|Any CPU
		{F3507095-8AF4-4388-A9DF-DF1AE41BC0EB}.Release|Any CPU.ActiveCfg = Release|Any CPU
		{F3507095-8AF4-4388-A9DF-DF1AE41BC0EB}.Release|Any CPU.Build.0 = Release|Any CPU
		{F2D4FFB9-1335-419B-A514-259B23A3FEA2}.Debug|Any CPU.ActiveCfg = Debug|Any CPU
		{F2D4FFB9-1335-419B-A514-259B23A3FEA2}.Debug|Any CPU.Build.0 = Debug|Any CPU
		{F2D4FFB9-1335-419B-A514-259B23A3FEA2}.Release|Any CPU.ActiveCfg = Release|Any CPU
		{F2D4FFB9-1335-419B-A514-259B23A3FEA2}.Release|Any CPU.Build.0 = Release|Any CPU
	EndGlobalSection
	GlobalSection(SolutionProperties) = preSolution
		HideSolutionNode = FALSE
	EndGlobalSection
	GlobalSection(NestedProjects) = preSolution
		{06A10D57-2C08-4DB5-898C-0145C3CDDEE4} = {77728C19-891D-42C0-991A-BA21B4EFFDB5}
		{6E4E7F84-25C7-4311-B7E0-6891FE27E891} = {77728C19-891D-42C0-991A-BA21B4EFFDB5}
		{CA18E8BB-8A7D-41BB-96C4-70A98B4B5175} = {77728C19-891D-42C0-991A-BA21B4EFFDB5}
		{26B445F9-2971-44B6-953A-8B9BF8205408} = {11846938-B4D6-4145-BE29-6AD87F346761}
		{A169F312-D665-4361-9A74-EDD9D2E807F8} = {11846938-B4D6-4145-BE29-6AD87F346761}
		{34D6F4AB-DD12-47B4-8553-29B455421CB5} = {7049CADD-8E08-435E-9BBF-BAED56CAF3D2}
		{C014874F-8B4F-45C5-BA77-2BD01EEC9B7A} = {3A359BF4-73DE-4745-8A0A-4BD51E2331F7}
		{A55F3208-0803-474D-B13D-C93ABC96854E} = {3A359BF4-73DE-4745-8A0A-4BD51E2331F7}
		{A6951F86-D11C-427E-B294-F3D4D34DFFB3} = {7049CADD-8E08-435E-9BBF-BAED56CAF3D2}
		{0F2E5E11-5E76-4B5A-9A00-5D82DD33918B} = {7049CADD-8E08-435E-9BBF-BAED56CAF3D2}
		{FD5A072F-115D-4896-91D3-996ED55CDAE3} = {7049CADD-8E08-435E-9BBF-BAED56CAF3D2}
		{581E1D57-AF81-4BD1-8F9F-A194D97644F4} = {11846938-B4D6-4145-BE29-6AD87F346761}
		{5B6FC193-A36D-409E-8E9B-2C45FE574189} = {77728C19-891D-42C0-991A-BA21B4EFFDB5}
		{E99A6D9C-A6F7-4F79-B6BE-766B6DA30E7C} = {8CC7643F-C4A1-42FD-84F8-77B809952B93}
		{47119529-9882-49DD-BFCF-A11EE5B5494B} = {7049CADD-8E08-435E-9BBF-BAED56CAF3D2}
		{F3507095-8AF4-4388-A9DF-DF1AE41BC0EB} = {7049CADD-8E08-435E-9BBF-BAED56CAF3D2}
		{F2D4FFB9-1335-419B-A514-259B23A3FEA2} = {7049CADD-8E08-435E-9BBF-BAED56CAF3D2}
	EndGlobalSection
	GlobalSection(ExtensibilityGlobals) = postSolution
		SolutionGuid = {24CE0EB6-1CB6-4E8C-8206-BDF4A45FAF20}
	EndGlobalSection
EndGlobal
